
Microsoft Visual Studio Solution File, Format Version 12.00
# Visual Studio Version 17
VisualStudioVersion = 17.3.32505.426
MinimumVisualStudioVersion = 10.0.40219.1
Project("{FAE04EC0-301F-11D3-BF4B-00C04F79EFBC}") = "Password Utilities UWP", "Password Utilities UWP\Password Utilities UWP.csproj", "{4F4A7E8C-CD89-45F4-B4F3-55768FC66A3D}"
EndProject
Global
	GlobalSection(SolutionConfigurationPlatforms) = preSolution
		Debug|Any CPU = Debug|Any CPU
		Debug|x64 = Debug|x64
		Release|Any CPU = Release|Any CPU
		Release|x64 = Release|x64
	EndGlobalSection
	GlobalSection(ProjectConfigurationPlatforms) = postSolution
		{4F4A7E8C-CD89-45F4-B4F3-55768FC66A3D}.Debug|Any CPU.ActiveCfg = Debug|Any CPU
		{4F4A7E8C-CD89-45F4-B4F3-55768FC66A3D}.Debug|Any CPU.Build.0 = Debug|Any CPU
		{4F4A7E8C-CD89-45F4-B4F3-55768FC66A3D}.Debug|Any CPU.Deploy.0 = Debug|Any CPU
		{4F4A7E8C-CD89-45F4-B4F3-55768FC66A3D}.Debug|x64.ActiveCfg = Debug|x64
		{4F4A7E8C-CD89-45F4-B4F3-55768FC66A3D}.Debug|x64.Build.0 = Debug|x64
		{4F4A7E8C-CD89-45F4-B4F3-55768FC66A3D}.Debug|x64.Deploy.0 = Debug|x64
		{4F4A7E8C-CD89-45F4-B4F3-55768FC66A3D}.Release|Any CPU.ActiveCfg = Release|x64
		{4F4A7E8C-CD89-45F4-B4F3-55768FC66A3D}.Release|Any CPU.Build.0 = Release|x64
		{4F4A7E8C-CD89-45F4-B4F3-55768FC66A3D}.Release|Any CPU.Deploy.0 = Release|x64
		{4F4A7E8C-CD89-45F4-B4F3-55768FC66A3D}.Release|x64.ActiveCfg = Release|x64
		{4F4A7E8C-CD89-45F4-B4F3-55768FC66A3D}.Release|x64.Build.0 = Release|x64
		{4F4A7E8C-CD89-45F4-B4F3-55768FC66A3D}.Release|x64.Deploy.0 = Release|x64
	EndGlobalSection
	GlobalSection(SolutionProperties) = preSolution
		HideSolutionNode = FALSE
	EndGlobalSection
	GlobalSection(ExtensibilityGlobals) = postSolution
		SolutionGuid = {3F111F40-FC0E-4646-8E2C-845F6CD29B17}
	EndGlobalSection
EndGlobal
